{
  "name": "prodigyh",
  "version": "2.1.9",
  "lockfileVersion": 2,
  "requires": true,
  "packages": {
    "": {
      "name": "prodigyh",
      "version": "2.1.9",
      "license": "MPL-2.0",
      "dependencies": {
        "@types/node": "^17.0.34",
        "typescript": "^4.6.4",
        "yaml": "^2.1.0"
      }
    },
    "node_modules/@types/node": {
      "version": "17.0.34",
      "resolved": "https://registry.npmjs.org/@types/node/-/node-17.0.34.tgz",
      "integrity": "sha512-XImEz7XwTvDBtzlTnm8YvMqGW/ErMWBsKZ+hMTvnDIjGCKxwK5Xpc+c/oQjOauwq8M4OS11hEkpjX8rrI/eEgA=="
    },
    "node_modules/typescript": {
      "version": "4.6.4",
      "resolved": "https://registry.npmjs.org/typescript/-/typescript-4.6.4.tgz",
      "integrity": "sha512-9ia/jWHIEbo49HfjrLGfKbZSuWo9iTMwXO+Ca3pRsSpbsMbc7/IU8NKdCZVRRBafVPGnoJeFL76ZOAA84I9fEg==",
      "bin": {
        "tsc": "bin/tsc",
        "tsserver": "bin/tsserver"
      },
      "engines": {
        "node": ">=4.2.0"
      }
    },
    "node_modules/yaml": {
      "version": "2.1.0",
      "resolved": "https://registry.npmjs.org/yaml/-/yaml-2.1.0.tgz",
      "integrity": "sha512-OuAINfTsoJrY5H7CBWnKZhX6nZciXBydrMtTHr1dC4nP40X5jyTIVlogZHxSlVZM8zSgXRfgZGsaHF4+pV+JRw==",
      "engines": {
        "node": ">= 14"
      }
    }
  },
  "dependencies": {
    "@types/node": {
      "version": "17.0.34",
      "resolved": "https://registry.npmjs.org/@types/node/-/node-17.0.34.tgz",
      "integrity": "sha512-XImEz7XwTvDBtzlTnm8YvMqGW/ErMWBsKZ+hMTvnDIjGCKxwK5Xpc+c/oQjOauwq8M4OS11hEkpjX8rrI/eEgA=="
    },
    "typescript": {
      "version": "4.6.4",
      "resolved": "https://registry.npmjs.org/typescript/-/typescript-4.6.4.tgz",
      "integrity": "sha512-9ia/jWHIEbo49HfjrLGfKbZSuWo9iTMwXO+Ca3pRsSpbsMbc7/IU8NKdCZVRRBafVPGnoJeFL76ZOAA84I9fEg=="
    },
    "yaml": {
      "version": "2.1.0",
      "resolved": "https://registry.npmjs.org/yaml/-/yaml-2.1.0.tgz",
      "integrity": "sha512-OuAINfTsoJrY5H7CBWnKZhX6nZciXBydrMtTHr1dC4nP40X5jyTIVlogZHxSlVZM8zSgXRfgZGsaHF4+pV+JRw=="
    }
  }
}
